{
  "name": "l17",
  "version": "1.0.0",
  "lockfileVersion": 2,
  "requires": true,
  "packages": {
    "": {
      "name": "l17",
      "version": "1.0.0",
      "license": "ISC",
      "dependencies": {
        "bintrees": "^1.0.2"
      }
    },
    "node_modules/bintrees": {
      "version": "1.0.2",
      "resolved": "https://registry.npmjs.org/bintrees/-/bintrees-1.0.2.tgz",
      "integrity": "sha1-SfiW1uhYpKSZ34XDj7OZua/4QPg="
    }
  },
  "dependencies": {
    "bintrees": {
      "version": "1.0.2",
      "resolved": "https://registry.npmjs.org/bintrees/-/bintrees-1.0.2.tgz",
      "integrity": "sha1-SfiW1uhYpKSZ34XDj7OZua/4QPg="
    }
  }
}
